
Microsoft Visual Studio Solution File, Format Version 12.00
# Visual Studio Version 17
VisualStudioVersion = 17.7.34024.191
MinimumVisualStudioVersion = 10.0.40219.1
Project("{FAE04EC0-301F-11D3-BF4B-00C04F79EFBC}") = "MySharedLibrary", "MySharedLibrary.csproj", "{2EDDA468-6219-44BB-AF82-91F165319B3F}"
EndProject
Global
	GlobalSection(SolutionConfigurationPlatforms) = preSolution
		Debug|Any CPU = Debug|Any CPU
		Release|Any CPU = Release|Any CPU
	EndGlobalSection
	GlobalSection(ProjectConfigurationPlatforms) = postSolution
		{2EDDA468-6219-44BB-AF82-91F165319B3F}.Debug|Any CPU.ActiveCfg = Debug|Any CPU
		{2EDDA468-6219-44BB-AF82-91F165319B3F}.Debug|Any CPU.Build.0 = Debug|Any CPU
		{2EDDA468-6219-44BB-AF82-91F165319B3F}.Release|Any CPU.ActiveCfg = Release|Any CPU
		{2EDDA468-6219-44BB-AF82-91F165319B3F}.Release|Any CPU.Build.0 = Release|Any CPU
	EndGlobalSection
	GlobalSection(SolutionProperties) = preSolution
		HideSolutionNode = FALSE
	EndGlobalSection
	GlobalSection(ExtensibilityGlobals) = postSolution
		SolutionGuid = {B327BB8D-E5DE-4E30-8CD4-BCEBC5C40AFE}
	EndGlobalSection
EndGlobal
